{
    "name": "emoji-translate",
    "version": "1.0.0",
    "lockfileVersion": 3,
    "requires": true,
    "packages": {
        "": {
            "name": "emoji-translate",
            "version": "1.0.0",
            "license": "MIT",
            "dependencies": {
                "moji-translate": "^1.0.8"
            }
        },
        "node_modules/emojilib": {
            "version": "2.4.0",
            "resolved": "https://registry.npmjs.org/emojilib/-/emojilib-2.4.0.tgz",
            "integrity": "sha512-5U0rVMU5Y2n2+ykNLQqMoqklN9ICBT/KsvC1Gz6vqHbz2AXXGkG+Pm5rMWk/8Vjrr/mY9985Hi8DYzn1F09Nyw=="
        },
        "node_modules/moji-translate": {
            "version": "1.0.8",
            "resolved": "https://registry.npmjs.org/moji-translate/-/moji-translate-1.0.8.tgz",
            "integrity": "sha512-VMKDok4SXMGN7yks3nWHvr/cjyQ+E65vwC6vf1EHLh8515V6yOkc1wtxdx3XFFOr/iN9EmRmPBWG2Ip7Xc/Pug==",
            "dependencies": {
                "emojilib": "^2.0.0"
            }
        }
    }
}
